
Microsoft Visual Studio Solution File, Format Version 12.00
Project("{FAE04EC0-301F-11D3-BF4B-00C04F79EFBC}") = "Day1", "Day1\Day1.csproj", "{A528F796-0D0B-4802-8A4A-EF8FEE9B1407}"
EndProject
Project("{FAE04EC0-301F-11D3-BF4B-00C04F79EFBC}") = "Day2", "Day2\Day2.csproj", "{E2B6CD47-1B75-404A-B583-3DDDD5E32666}"
EndProject
Project("{FAE04EC0-301F-11D3-BF4B-00C04F79EFBC}") = "Day3", "Day3\Day3.csproj", "{314E5E3E-C45F-475B-A014-B699ECB79DC2}"
EndProject
Project("{FAE04EC0-301F-11D3-BF4B-00C04F79EFBC}") = "Day4", "Day4\Day4.csproj", "{E0B3D213-1FA3-48DE-A56C-F7A8428FB4B6}"
EndProject
Project("{FAE04EC0-301F-11D3-BF4B-00C04F79EFBC}") = "AdventOfCode.Utils", "AdventOfCode.Utils\AdventOfCode.Utils.csproj", "{BD1A519E-C9EC-483D-932B-5DCEB45459A1}"
EndProject
Project("{FAE04EC0-301F-11D3-BF4B-00C04F79EFBC}") = "Day5", "Day5\Day5.csproj", "{4633CD84-B0B4-41DC-AF47-DE97562DB3F1}"
EndProject
Project("{FAE04EC0-301F-11D3-BF4B-00C04F79EFBC}") = "Day6", "Day6\Day6.csproj", "{176A328D-D83B-4F50-B1E7-2C16F00B0130}"
EndProject
Project("{FAE04EC0-301F-11D3-BF4B-00C04F79EFBC}") = "Day7", "Day7\Day7.csproj", "{7CD7555D-5D30-43D6-99A1-9BC40E9D4FF5}"
EndProject
Project("{FAE04EC0-301F-11D3-BF4B-00C04F79EFBC}") = "Day8", "Day8\Day8.csproj", "{96677D07-73DF-4530-B44D-B1D93A267423}"
EndProject
Project("{FAE04EC0-301F-11D3-BF4B-00C04F79EFBC}") = "Day9", "Day9\Day9.csproj", "{E2262EA3-E53F-448F-911D-15B3645FDB9D}"
EndProject
Project("{FAE04EC0-301F-11D3-BF4B-00C04F79EFBC}") = "Day10", "Day10\Day10.csproj", "{1F047DF3-5174-4D4B-9C57-F06DAF542006}"
EndProject
Project("{FAE04EC0-301F-11D3-BF4B-00C04F79EFBC}") = "Day11", "Day11\Day11.csproj", "{934A44B0-E5A5-4038-87CA-0E4C1EEF0483}"
EndProject
Project("{FAE04EC0-301F-11D3-BF4B-00C04F79EFBC}") = "Day12", "Day12\Day12.csproj", "{C5744471-037A-4952-8563-86FC3FC33EA5}"
EndProject
Project("{FAE04EC0-301F-11D3-BF4B-00C04F79EFBC}") = "Day13", "Day13\Day13.csproj", "{1D12083C-3846-45EC-A5B6-4A5784B5A591}"
EndProject
Global
	GlobalSection(SolutionConfigurationPlatforms) = preSolution
		Debug|Any CPU = Debug|Any CPU
		Release|Any CPU = Release|Any CPU
	EndGlobalSection
	GlobalSection(ProjectConfigurationPlatforms) = postSolution
		{A528F796-0D0B-4802-8A4A-EF8FEE9B1407}.Debug|Any CPU.ActiveCfg = Debug|Any CPU
		{A528F796-0D0B-4802-8A4A-EF8FEE9B1407}.Debug|Any CPU.Build.0 = Debug|Any CPU
		{A528F796-0D0B-4802-8A4A-EF8FEE9B1407}.Release|Any CPU.ActiveCfg = Release|Any CPU
		{A528F796-0D0B-4802-8A4A-EF8FEE9B1407}.Release|Any CPU.Build.0 = Release|Any CPU
		{E2B6CD47-1B75-404A-B583-3DDDD5E32666}.Debug|Any CPU.ActiveCfg = Debug|Any CPU
		{E2B6CD47-1B75-404A-B583-3DDDD5E32666}.Debug|Any CPU.Build.0 = Debug|Any CPU
		{E2B6CD47-1B75-404A-B583-3DDDD5E32666}.Release|Any CPU.ActiveCfg = Release|Any CPU
		{E2B6CD47-1B75-404A-B583-3DDDD5E32666}.Release|Any CPU.Build.0 = Release|Any CPU
		{314E5E3E-C45F-475B-A014-B699ECB79DC2}.Debug|Any CPU.ActiveCfg = Debug|Any CPU
		{314E5E3E-C45F-475B-A014-B699ECB79DC2}.Debug|Any CPU.Build.0 = Debug|Any CPU
		{314E5E3E-C45F-475B-A014-B699ECB79DC2}.Release|Any CPU.ActiveCfg = Release|Any CPU
		{314E5E3E-C45F-475B-A014-B699ECB79DC2}.Release|Any CPU.Build.0 = Release|Any CPU
		{E0B3D213-1FA3-48DE-A56C-F7A8428FB4B6}.Debug|Any CPU.ActiveCfg = Debug|Any CPU
		{E0B3D213-1FA3-48DE-A56C-F7A8428FB4B6}.Debug|Any CPU.Build.0 = Debug|Any CPU
		{E0B3D213-1FA3-48DE-A56C-F7A8428FB4B6}.Release|Any CPU.ActiveCfg = Release|Any CPU
		{E0B3D213-1FA3-48DE-A56C-F7A8428FB4B6}.Release|Any CPU.Build.0 = Release|Any CPU
		{BD1A519E-C9EC-483D-932B-5DCEB45459A1}.Debug|Any CPU.ActiveCfg = Debug|Any CPU
		{BD1A519E-C9EC-483D-932B-5DCEB45459A1}.Debug|Any CPU.Build.0 = Debug|Any CPU
		{BD1A519E-C9EC-483D-932B-5DCEB45459A1}.Release|Any CPU.ActiveCfg = Release|Any CPU
		{BD1A519E-C9EC-483D-932B-5DCEB45459A1}.Release|Any CPU.Build.0 = Release|Any CPU
		{4633CD84-B0B4-41DC-AF47-DE97562DB3F1}.Debug|Any CPU.ActiveCfg = Debug|Any CPU
		{4633CD84-B0B4-41DC-AF47-DE97562DB3F1}.Debug|Any CPU.Build.0 = Debug|Any CPU
		{4633CD84-B0B4-41DC-AF47-DE97562DB3F1}.Release|Any CPU.ActiveCfg = Release|Any CPU
		{4633CD84-B0B4-41DC-AF47-DE97562DB3F1}.Release|Any CPU.Build.0 = Release|Any CPU
		{176A328D-D83B-4F50-B1E7-2C16F00B0130}.Debug|Any CPU.ActiveCfg = Debug|Any CPU
		{176A328D-D83B-4F50-B1E7-2C16F00B0130}.Debug|Any CPU.Build.0 = Debug|Any CPU
		{176A328D-D83B-4F50-B1E7-2C16F00B0130}.Release|Any CPU.ActiveCfg = Release|Any CPU
		{176A328D-D83B-4F50-B1E7-2C16F00B0130}.Release|Any CPU.Build.0 = Release|Any CPU
		{7CD7555D-5D30-43D6-99A1-9BC40E9D4FF5}.Debug|Any CPU.ActiveCfg = Debug|Any CPU
		{7CD7555D-5D30-43D6-99A1-9BC40E9D4FF5}.Debug|Any CPU.Build.0 = Debug|Any CPU
		{7CD7555D-5D30-43D6-99A1-9BC40E9D4FF5}.Release|Any CPU.ActiveCfg = Release|Any CPU
		{7CD7555D-5D30-43D6-99A1-9BC40E9D4FF5}.Release|Any CPU.Build.0 = Release|Any CPU
		{96677D07-73DF-4530-B44D-B1D93A267423}.Debug|Any CPU.ActiveCfg = Debug|Any CPU
		{96677D07-73DF-4530-B44D-B1D93A267423}.Debug|Any CPU.Build.0 = Debug|Any CPU
		{96677D07-73DF-4530-B44D-B1D93A267423}.Release|Any CPU.ActiveCfg = Release|Any CPU
		{96677D07-73DF-4530-B44D-B1D93A267423}.Release|Any CPU.Build.0 = Release|Any CPU
		{E2262EA3-E53F-448F-911D-15B3645FDB9D}.Debug|Any CPU.ActiveCfg = Debug|Any CPU
		{E2262EA3-E53F-448F-911D-15B3645FDB9D}.Debug|Any CPU.Build.0 = Debug|Any CPU
		{E2262EA3-E53F-448F-911D-15B3645FDB9D}.Release|Any CPU.ActiveCfg = Release|Any CPU
		{E2262EA3-E53F-448F-911D-15B3645FDB9D}.Release|Any CPU.Build.0 = Release|Any CPU
		{1F047DF3-5174-4D4B-9C57-F06DAF542006}.Debug|Any CPU.ActiveCfg = Debug|Any CPU
		{1F047DF3-5174-4D4B-9C57-F06DAF542006}.Debug|Any CPU.Build.0 = Debug|Any CPU
		{1F047DF3-5174-4D4B-9C57-F06DAF542006}.Release|Any CPU.ActiveCfg = Release|Any CPU
		{1F047DF3-5174-4D4B-9C57-F06DAF542006}.Release|Any CPU.Build.0 = Release|Any CPU
		{934A44B0-E5A5-4038-87CA-0E4C1EEF0483}.Debug|Any CPU.ActiveCfg = Debug|Any CPU
		{934A44B0-E5A5-4038-87CA-0E4C1EEF0483}.Debug|Any CPU.Build.0 = Debug|Any CPU
		{934A44B0-E5A5-4038-87CA-0E4C1EEF0483}.Release|Any CPU.ActiveCfg = Release|Any CPU
		{934A44B0-E5A5-4038-87CA-0E4C1EEF0483}.Release|Any CPU.Build.0 = Release|Any CPU
		{C5744471-037A-4952-8563-86FC3FC33EA5}.Debug|Any CPU.ActiveCfg = Debug|Any CPU
		{C5744471-037A-4952-8563-86FC3FC33EA5}.Debug|Any CPU.Build.0 = Debug|Any CPU
		{C5744471-037A-4952-8563-86FC3FC33EA5}.Release|Any CPU.ActiveCfg = Release|Any CPU
		{C5744471-037A-4952-8563-86FC3FC33EA5}.Release|Any CPU.Build.0 = Release|Any CPU
		{1D12083C-3846-45EC-A5B6-4A5784B5A591}.Debug|Any CPU.ActiveCfg = Debug|Any CPU
		{1D12083C-3846-45EC-A5B6-4A5784B5A591}.Debug|Any CPU.Build.0 = Debug|Any CPU
		{1D12083C-3846-45EC-A5B6-4A5784B5A591}.Release|Any CPU.ActiveCfg = Release|Any CPU
		{1D12083C-3846-45EC-A5B6-4A5784B5A591}.Release|Any CPU.Build.0 = Release|Any CPU
	EndGlobalSection
EndGlobal
