
Microsoft Visual Studio Solution File, Format Version 12.00
Project("{FAE04EC0-301F-11D3-BF4B-00C04F79EFBC}") = "Day1", "Day1\Day1.csproj", "{A528F796-0D0B-4802-8A4A-EF8FEE9B1407}"
EndProject
Project("{FAE04EC0-301F-11D3-BF4B-00C04F79EFBC}") = "Day2", "Day2\Day2.csproj", "{E2B6CD47-1B75-404A-B583-3DDDD5E32666}"
EndProject
Project("{FAE04EC0-301F-11D3-BF4B-00C04F79EFBC}") = "Day3", "Day3\Day3.csproj", "{314E5E3E-C45F-475B-A014-B699ECB79DC2}"
EndProject
Project("{FAE04EC0-301F-11D3-BF4B-00C04F79EFBC}") = "Day4", "Day4\Day4.csproj", "{E0B3D213-1FA3-48DE-A56C-F7A8428FB4B6}"
EndProject
Project("{FAE04EC0-301F-11D3-BF4B-00C04F79EFBC}") = "AdventOfCode.Utils", "AdventOfCode.Utils\AdventOfCode.Utils.csproj", "{BD1A519E-C9EC-483D-932B-5DCEB45459A1}"
EndProject
Global
	GlobalSection(SolutionConfigurationPlatforms) = preSolution
		Debug|Any CPU = Debug|Any CPU
		Release|Any CPU = Release|Any CPU
	EndGlobalSection
	GlobalSection(ProjectConfigurationPlatforms) = postSolution
		{A528F796-0D0B-4802-8A4A-EF8FEE9B1407}.Debug|Any CPU.ActiveCfg = Debug|Any CPU
		{A528F796-0D0B-4802-8A4A-EF8FEE9B1407}.Debug|Any CPU.Build.0 = Debug|Any CPU
		{A528F796-0D0B-4802-8A4A-EF8FEE9B1407}.Release|Any CPU.ActiveCfg = Release|Any CPU
		{A528F796-0D0B-4802-8A4A-EF8FEE9B1407}.Release|Any CPU.Build.0 = Release|Any CPU
		{E2B6CD47-1B75-404A-B583-3DDDD5E32666}.Debug|Any CPU.ActiveCfg = Debug|Any CPU
		{E2B6CD47-1B75-404A-B583-3DDDD5E32666}.Debug|Any CPU.Build.0 = Debug|Any CPU
		{E2B6CD47-1B75-404A-B583-3DDDD5E32666}.Release|Any CPU.ActiveCfg = Release|Any CPU
		{E2B6CD47-1B75-404A-B583-3DDDD5E32666}.Release|Any CPU.Build.0 = Release|Any CPU
		{314E5E3E-C45F-475B-A014-B699ECB79DC2}.Debug|Any CPU.ActiveCfg = Debug|Any CPU
		{314E5E3E-C45F-475B-A014-B699ECB79DC2}.Debug|Any CPU.Build.0 = Debug|Any CPU
		{314E5E3E-C45F-475B-A014-B699ECB79DC2}.Release|Any CPU.ActiveCfg = Release|Any CPU
		{314E5E3E-C45F-475B-A014-B699ECB79DC2}.Release|Any CPU.Build.0 = Release|Any CPU
		{E0B3D213-1FA3-48DE-A56C-F7A8428FB4B6}.Debug|Any CPU.ActiveCfg = Debug|Any CPU
		{E0B3D213-1FA3-48DE-A56C-F7A8428FB4B6}.Debug|Any CPU.Build.0 = Debug|Any CPU
		{E0B3D213-1FA3-48DE-A56C-F7A8428FB4B6}.Release|Any CPU.ActiveCfg = Release|Any CPU
		{E0B3D213-1FA3-48DE-A56C-F7A8428FB4B6}.Release|Any CPU.Build.0 = Release|Any CPU
		{BD1A519E-C9EC-483D-932B-5DCEB45459A1}.Debug|Any CPU.ActiveCfg = Debug|Any CPU
		{BD1A519E-C9EC-483D-932B-5DCEB45459A1}.Debug|Any CPU.Build.0 = Debug|Any CPU
		{BD1A519E-C9EC-483D-932B-5DCEB45459A1}.Release|Any CPU.ActiveCfg = Release|Any CPU
		{BD1A519E-C9EC-483D-932B-5DCEB45459A1}.Release|Any CPU.Build.0 = Release|Any CPU
	EndGlobalSection
EndGlobal
